
Microsoft Visual Studio Solution File, Format Version 12.00
# Visual Studio Version 17
VisualStudioVersion = 17.5.33516.290
MinimumVisualStudioVersion = 10.0.40219.1
Project("{FAE04EC0-301F-11D3-BF4B-00C04F79EFBC}") = "Guessing Game JM", "Guessing Game JM\Guessing Game JM.csproj", "{2D3578AC-FB9A-4936-935E-6F41645357FF}"
EndProject
Global
	GlobalSection(SolutionConfigurationPlatforms) = preSolution
		Debug|Any CPU = Debug|Any CPU
		Release|Any CPU = Release|Any CPU
	EndGlobalSection
	GlobalSection(ProjectConfigurationPlatforms) = postSolution
		{2D3578AC-FB9A-4936-935E-6F41645357FF}.Debug|Any CPU.ActiveCfg = Debug|Any CPU
		{2D3578AC-FB9A-4936-935E-6F41645357FF}.Debug|Any CPU.Build.0 = Debug|Any CPU
		{2D3578AC-FB9A-4936-935E-6F41645357FF}.Release|Any CPU.ActiveCfg = Release|Any CPU
		{2D3578AC-FB9A-4936-935E-6F41645357FF}.Release|Any CPU.Build.0 = Release|Any CPU
	EndGlobalSection
	GlobalSection(SolutionProperties) = preSolution
		HideSolutionNode = FALSE
	EndGlobalSection
	GlobalSection(ExtensibilityGlobals) = postSolution
		SolutionGuid = {B5FCD42F-DFCF-4768-A99E-160B395A79D8}
	EndGlobalSection
EndGlobal
